<?xml version="1.0" encoding="utf-8"?>
<Project ToolsVersion="4.0" xmlns="http://schemas.microsoft.com/developer/msbuild/2003">
  <ItemGroup>
    <Filter Include="Source Files">
      <UniqueIdentifier>{b7b1e94c-d8c9-4461-8481-61680138e72e}</UniqueIdentifier>
      <Extensions>cpp;c;cxx;rc;def;r;odl;idl;hpj;bat</Extensions>
    </Filter>
    <Filter Include="Header Files">
      <UniqueIdentifier>{81f4dd97-ebaa-4335-ad75-f4edcbce36bb}</UniqueIdentifier>
      <Extensions>h;hpp;hxx;hm;inl</Extensions>
    </Filter>
  </ItemGroup>
  <ItemGroup>
    <ClCompile Include="adjointblackformulatest.cpp">
      <Filter>Source Files</Filter>
    </ClCompile>
    <ClCompile Include="quantlibtestsuite.cpp">
      <Filter>Source Files</Filter>
    </ClCompile>
    <ClCompile Include="adjointbondportfoliotest.cpp">
      <Filter>Source Files</Filter>
    </ClCompile>
    <ClCompile Include="adjointfraportfoliotest.cpp">
      <Filter>Source Files</Filter>
    </ClCompile>
    <ClCompile Include="adjointeuropeanoptionportfoliotest.cpp">
      <Filter>Source Files</Filter>
    </ClCompile>
    <ClCompile Include="..\..\QuantLib\test-suite\utilities.cpp">
      <Filter>Source Files</Filter>
    </ClCompile>
    <ClCompile Include="adjointbermudanswaptiontest.cpp">
      <Filter>Source Files</Filter>
    </ClCompile>
    <ClCompile Include="adjointcreditdefaultswaptest.cpp">
      <Filter>Source Files</Filter>
    </ClCompile>
    <ClCompile Include="adjointcurvefittingtest.cpp">
      <Filter>Source Files</Filter>
    </ClCompile>
    <ClCompile Include="adjointdefaultprobabilitycurvetest.cpp">
      <Filter>Source Files</Filter>
    </ClCompile>
    <ClCompile Include="adjointexchangeratetest.cpp">
      <Filter>Source Files</Filter>
    </ClCompile>
    <ClCompile Include="adjointgjrgarchmodeltest.cpp">
      <Filter>Source Files</Filter>
    </ClCompile>
    <ClCompile Include="adjointmarketmodelcalibrationtest.cpp">
      <Filter>Source Files</Filter>
    </ClCompile>
    <ClCompile Include="adjointmatricestest.cpp">
      <Filter>Source Files</Filter>
    </ClCompile>
    <ClCompile Include="adjointpathgeneratortest.cpp">
      <Filter>Source Files</Filter>
    </ClCompile>
    <ClCompile Include="adjointpiecewiseyieldcurvetest.cpp">
      <Filter>Source Files</Filter>
    </ClCompile>
    <ClCompile Include="adjointpiecewisezerospreadedtermstructuretest.cpp">
      <Filter>Source Files</Filter>
    </ClCompile>
    <ClCompile Include="adjointshortratemodelstest.cpp">
      <Filter>Source Files</Filter>
    </ClCompile>
    <ClCompile Include="adjointswaptest.cpp">
      <Filter>Source Files</Filter>
    </ClCompile>
    <ClCompile Include="adjointswaptiontest.cpp">
      <Filter>Source Files</Filter>
    </ClCompile>
    <ClCompile Include="adjointswaptionvolatilitycubetest.cpp">
      <Filter>Source Files</Filter>
    </ClCompile>
    <ClCompile Include="adjointswaptionvolatilitymatrixtest.cpp">
      <Filter>Source Files</Filter>
    </ClCompile>
    <ClCompile Include="adjointtermstructuretest.cpp">
      <Filter>Source Files</Filter>
    </ClCompile>
  </ItemGroup>
  <ItemGroup>
    <ClInclude Include="..\..\QuantLib\test-suite\zabr.hpp">
      <Filter>Header Files</Filter>
    </ClInclude>
    <ClInclude Include="adjointblackformulatest.hpp">
      <Filter>Header Files</Filter>
    </ClInclude>
    <ClInclude Include="adjointbondportfoliotest.hpp">
      <Filter>Header Files</Filter>
    </ClInclude>
    <ClInclude Include="adjointeuropeanoptionportfoliotest.hpp">
      <Filter>Header Files</Filter>
    </ClInclude>
    <ClInclude Include="adjointfraportfoliotest.hpp">
      <Filter>Header Files</Filter>
    </ClInclude>
    <ClInclude Include="adjointbermudanswaptiontest.hpp">
      <Filter>Header Files</Filter>
    </ClInclude>
    <ClInclude Include="adjointcreditdefaultswaptest.hpp">
      <Filter>Header Files</Filter>
    </ClInclude>
    <ClInclude Include="adjointcurvefittingtest.hpp">
      <Filter>Header Files</Filter>
    </ClInclude>
    <ClInclude Include="adjointdefaultprobabilitycurvetest.hpp">
      <Filter>Header Files</Filter>
    </ClInclude>
    <ClInclude Include="adjointexchangeratetest.hpp">
      <Filter>Header Files</Filter>
    </ClInclude>
    <ClInclude Include="adjointgjrgarchmodeltest.hpp">
      <Filter>Header Files</Filter>
    </ClInclude>
    <ClInclude Include="adjointgreektest.hpp">
      <Filter>Header Files</Filter>
    </ClInclude>
    <ClInclude Include="adjointmarketmodelcalibrationtest.hpp">
      <Filter>Header Files</Filter>
    </ClInclude>
    <ClInclude Include="adjointmatricestest.hpp">
      <Filter>Header Files</Filter>
    </ClInclude>
    <ClInclude Include="adjointpathgeneratortest.hpp">
      <Filter>Header Files</Filter>
    </ClInclude>
    <ClInclude Include="adjointpiecewiseyieldcurvetest.hpp">
      <Filter>Header Files</Filter>
    </ClInclude>
    <ClInclude Include="adjointpiecewisezerospreadedtermstructuretest.hpp">
      <Filter>Header Files</Filter>
    </ClInclude>
    <ClInclude Include="adjointshortratemodelstest.hpp">
      <Filter>Header Files</Filter>
    </ClInclude>
    <ClInclude Include="adjointswaptest.hpp">
      <Filter>Header Files</Filter>
    </ClInclude>
    <ClInclude Include="adjointswaptiontest.hpp">
      <Filter>Header Files</Filter>
    </ClInclude>
    <ClInclude Include="adjointswaptionvolatilitycubetest.hpp">
      <Filter>Header Files</Filter>
    </ClInclude>
    <ClInclude Include="adjointswaptionvolatilitymatrixtest.hpp">
      <Filter>Header Files</Filter>
    </ClInclude>
    <ClInclude Include="adjointtermstructuretest.hpp">
      <Filter>Header Files</Filter>
    </ClInclude>
    <ClInclude Include="adjointtestoutput.hpp">
      <Filter>Header Files</Filter>
    </ClInclude>
    <ClInclude Include="adjointtestutilities.hpp">
      <Filter>Header Files</Filter>
    </ClInclude>
    <ClInclude Include="adjointutils.hpp">
      <Filter>Header Files</Filter>
    </ClInclude>
    <ClInclude Include="utilities.hpp">
      <Filter>Header Files</Filter>
    </ClInclude>
  </ItemGroup>
  <ItemGroup>
    <None Include="..\..\QuantLib\test-suite\testsuite.vcxproj.filters" />
  </ItemGroup>
</Project>